
Microsoft Visual Studio Solution File, Format Version 12.00
# Visual Studio Version 17
VisualStudioVersion = 17.8.34525.116
MinimumVisualStudioVersion = 10.0.40219.1
Project("{8BC9CEB8-8B4A-11D0-8D11-00A0C91BC942}") = "GameAdventure", "GameAdventure\GameAdventure.vcxproj", "{E7D90020-E08E-4F83-B855-4EB425DAA32B}"
EndProject
Global
	GlobalSection(SolutionConfigurationPlatforms) = preSolution
		Debug|x64 = Debug|x64
		Debug|x86 = Debug|x86
		Release|x64 = Release|x64
		Release|x86 = Release|x86
	EndGlobalSection
	GlobalSection(ProjectConfigurationPlatforms) = postSolution
		{E7D90020-E08E-4F83-B855-4EB425DAA32B}.Debug|x64.ActiveCfg = Debug|x64
		{E7D90020-E08E-4F83-B855-4EB425DAA32B}.Debug|x64.Build.0 = Debug|x64
		{E7D90020-E08E-4F83-B855-4EB425DAA32B}.Debug|x86.ActiveCfg = Debug|Win32
		{E7D90020-E08E-4F83-B855-4EB425DAA32B}.Debug|x86.Build.0 = Debug|Win32
		{E7D90020-E08E-4F83-B855-4EB425DAA32B}.Release|x64.ActiveCfg = Release|x64
		{E7D90020-E08E-4F83-B855-4EB425DAA32B}.Release|x64.Build.0 = Release|x64
		{E7D90020-E08E-4F83-B855-4EB425DAA32B}.Release|x86.ActiveCfg = Release|Win32
		{E7D90020-E08E-4F83-B855-4EB425DAA32B}.Release|x86.Build.0 = Release|Win32
	EndGlobalSection
	GlobalSection(SolutionProperties) = preSolution
		HideSolutionNode = FALSE
	EndGlobalSection
	GlobalSection(ExtensibilityGlobals) = postSolution
		SolutionGuid = {E85B2A2A-6E37-4E4B-899E-33A2C412E11B}
	EndGlobalSection
EndGlobal
